
Microsoft Visual Studio Solution File, Format Version 12.00
# Visual Studio Version 16
VisualStudioVersion = 16.0.30011.22
MinimumVisualStudioVersion = 10.0.40219.1
Project("{FAE04EC0-301F-11D3-BF4B-00C04F79EFBC}") = "ch12-lists-and-dictionary", "ch12-lists-and-dictionary\ch12-lists-and-dictionary.csproj", "{22563E13-79A8-490E-81D8-F8180FB03D01}"
EndProject
Global
	GlobalSection(SolutionConfigurationPlatforms) = preSolution
		Debug|Any CPU = Debug|Any CPU
		Release|Any CPU = Release|Any CPU
	EndGlobalSection
	GlobalSection(ProjectConfigurationPlatforms) = postSolution
		{22563E13-79A8-490E-81D8-F8180FB03D01}.Debug|Any CPU.ActiveCfg = Debug|Any CPU
		{22563E13-79A8-490E-81D8-F8180FB03D01}.Debug|Any CPU.Build.0 = Debug|Any CPU
		{22563E13-79A8-490E-81D8-F8180FB03D01}.Release|Any CPU.ActiveCfg = Release|Any CPU
		{22563E13-79A8-490E-81D8-F8180FB03D01}.Release|Any CPU.Build.0 = Release|Any CPU
	EndGlobalSection
	GlobalSection(SolutionProperties) = preSolution
		HideSolutionNode = FALSE
	EndGlobalSection
	GlobalSection(ExtensibilityGlobals) = postSolution
		SolutionGuid = {3B38FE35-B31D-412C-AF99-6D30D379A311}
	EndGlobalSection
EndGlobal
