
Microsoft Visual Studio Solution File, Format Version 12.00
# Visual Studio Version 16
VisualStudioVersion = 16.0.30011.22
MinimumVisualStudioVersion = 10.0.40219.1
Project("{FAE04EC0-301F-11D3-BF4B-00C04F79EFBC}") = "ch12-02-wizard-inventory", "ch12-02-wizard-inventory\ch12-02-wizard-inventory.csproj", "{3275C19A-932D-46F2-8B0C-03A870FACCEA}"
EndProject
Global
	GlobalSection(SolutionConfigurationPlatforms) = preSolution
		Debug|Any CPU = Debug|Any CPU
		Release|Any CPU = Release|Any CPU
	EndGlobalSection
	GlobalSection(ProjectConfigurationPlatforms) = postSolution
		{3275C19A-932D-46F2-8B0C-03A870FACCEA}.Debug|Any CPU.ActiveCfg = Debug|Any CPU
		{3275C19A-932D-46F2-8B0C-03A870FACCEA}.Debug|Any CPU.Build.0 = Debug|Any CPU
		{3275C19A-932D-46F2-8B0C-03A870FACCEA}.Release|Any CPU.ActiveCfg = Release|Any CPU
		{3275C19A-932D-46F2-8B0C-03A870FACCEA}.Release|Any CPU.Build.0 = Release|Any CPU
	EndGlobalSection
	GlobalSection(SolutionProperties) = preSolution
		HideSolutionNode = FALSE
	EndGlobalSection
	GlobalSection(ExtensibilityGlobals) = postSolution
		SolutionGuid = {76FDA5F7-B907-47F2-8328-858B88D5EF9F}
	EndGlobalSection
EndGlobal
