
Microsoft Visual Studio Solution File, Format Version 12.00
# Visual Studio Version 16
VisualStudioVersion = 16.0.30011.22
MinimumVisualStudioVersion = 10.0.40219.1
Project("{FAE04EC0-301F-11D3-BF4B-00C04F79EFBC}") = "ch04-table-of-powers", "ch04-table-of-powers\ch04-table-of-powers.csproj", "{747D0C7A-9B52-460D-BEAB-204D8BE32BD0}"
EndProject
Global
	GlobalSection(SolutionConfigurationPlatforms) = preSolution
		Debug|Any CPU = Debug|Any CPU
		Release|Any CPU = Release|Any CPU
	EndGlobalSection
	GlobalSection(ProjectConfigurationPlatforms) = postSolution
		{747D0C7A-9B52-460D-BEAB-204D8BE32BD0}.Debug|Any CPU.ActiveCfg = Debug|Any CPU
		{747D0C7A-9B52-460D-BEAB-204D8BE32BD0}.Debug|Any CPU.Build.0 = Debug|Any CPU
		{747D0C7A-9B52-460D-BEAB-204D8BE32BD0}.Release|Any CPU.ActiveCfg = Release|Any CPU
		{747D0C7A-9B52-460D-BEAB-204D8BE32BD0}.Release|Any CPU.Build.0 = Release|Any CPU
	EndGlobalSection
	GlobalSection(SolutionProperties) = preSolution
		HideSolutionNode = FALSE
	EndGlobalSection
	GlobalSection(ExtensibilityGlobals) = postSolution
		SolutionGuid = {9DE60168-B817-4CC6-956C-24AA5A458F87}
	EndGlobalSection
EndGlobal
