
Microsoft Visual Studio Solution File, Format Version 12.00
# Visual Studio Version 16
VisualStudioVersion = 16.0.30011.22
MinimumVisualStudioVersion = 10.0.40219.1
Project("{FAE04EC0-301F-11D3-BF4B-00C04F79EFBC}") = "ch04-04-common-divisor-calculator", "ch04-04-common-divisor-calculator\ch04-04-common-divisor-calculator.csproj", "{AB416C91-E27F-494B-9366-69AB1BB2512E}"
EndProject
Global
	GlobalSection(SolutionConfigurationPlatforms) = preSolution
		Debug|Any CPU = Debug|Any CPU
		Release|Any CPU = Release|Any CPU
	EndGlobalSection
	GlobalSection(ProjectConfigurationPlatforms) = postSolution
		{AB416C91-E27F-494B-9366-69AB1BB2512E}.Debug|Any CPU.ActiveCfg = Debug|Any CPU
		{AB416C91-E27F-494B-9366-69AB1BB2512E}.Debug|Any CPU.Build.0 = Debug|Any CPU
		{AB416C91-E27F-494B-9366-69AB1BB2512E}.Release|Any CPU.ActiveCfg = Release|Any CPU
		{AB416C91-E27F-494B-9366-69AB1BB2512E}.Release|Any CPU.Build.0 = Release|Any CPU
	EndGlobalSection
	GlobalSection(SolutionProperties) = preSolution
		HideSolutionNode = FALSE
	EndGlobalSection
	GlobalSection(ExtensibilityGlobals) = postSolution
		SolutionGuid = {F42297CB-BEAB-4FCA-8C20-DCBAF33EB4F3}
	EndGlobalSection
EndGlobal
